# THIS IS AN AUTOGENERATED FILE. DO NOT EDIT THIS FILE DIRECTLY.
# yarn lockfile v1


"@openzeppelin/contracts-upgradeable@^5.0.0":
  version "5.0.0"
  resolved "https://registry.yarnpkg.com/@openzeppelin/contracts-upgradeable/-/contracts-upgradeable-5.0.0.tgz#859c00c55f04b6dda85b3c88bce507d65019888f"
  integrity sha512-D54RHzkOKHQ8xUssPgQe2d/U92mwaiBDY7qCCVGq6VqwQjsT3KekEQ3bonev+BLP30oZ0R1U6YC8/oLpizgC5Q==
